
Microsoft Visual Studio Solution File, Format Version 12.00
# Visual Studio Version 16
VisualStudioVersion = 16.0.29905.134
MinimumVisualStudioVersion = 10.0.40219.1
Project("{FAE04EC0-301F-11D3-BF4B-00C04F79EFBC}") = "TMR.MVC", "TMR.MVC\TMR.MVC.csproj", "{6EF2AFC4-B716-4BA4-898E-720B11B37A18}"
EndProject
Project("{FAE04EC0-301F-11D3-BF4B-00C04F79EFBC}") = "TMR.Data", "TMR.Data\TMR.Data.csproj", "{254D82EE-87D4-4637-9420-37148920F6FA}"
EndProject
Project("{FAE04EC0-301F-11D3-BF4B-00C04F79EFBC}") = "TMR.Models", "TMR.Models\TMR.Models.csproj", "{4BEC51BA-E9D9-4BB6-8521-560E6F5B8D21}"
EndProject
Project("{FAE04EC0-301F-11D3-BF4B-00C04F79EFBC}") = "TMR.Services", "TMR.Services\TMR.Services.csproj", "{8DEA2EEF-DEF2-440F-A25E-2C3EF17B3AAE}"
EndProject
Global
	GlobalSection(SolutionConfigurationPlatforms) = preSolution
		Debug|Any CPU = Debug|Any CPU
		Release|Any CPU = Release|Any CPU
	EndGlobalSection
	GlobalSection(ProjectConfigurationPlatforms) = postSolution
		{6EF2AFC4-B716-4BA4-898E-720B11B37A18}.Debug|Any CPU.ActiveCfg = Debug|Any CPU
		{6EF2AFC4-B716-4BA4-898E-720B11B37A18}.Debug|Any CPU.Build.0 = Debug|Any CPU
		{6EF2AFC4-B716-4BA4-898E-720B11B37A18}.Release|Any CPU.ActiveCfg = Release|Any CPU
		{6EF2AFC4-B716-4BA4-898E-720B11B37A18}.Release|Any CPU.Build.0 = Release|Any CPU
		{254D82EE-87D4-4637-9420-37148920F6FA}.Debug|Any CPU.ActiveCfg = Debug|Any CPU
		{254D82EE-87D4-4637-9420-37148920F6FA}.Debug|Any CPU.Build.0 = Debug|Any CPU
		{254D82EE-87D4-4637-9420-37148920F6FA}.Release|Any CPU.ActiveCfg = Release|Any CPU
		{254D82EE-87D4-4637-9420-37148920F6FA}.Release|Any CPU.Build.0 = Release|Any CPU
		{4BEC51BA-E9D9-4BB6-8521-560E6F5B8D21}.Debug|Any CPU.ActiveCfg = Debug|Any CPU
		{4BEC51BA-E9D9-4BB6-8521-560E6F5B8D21}.Debug|Any CPU.Build.0 = Debug|Any CPU
		{4BEC51BA-E9D9-4BB6-8521-560E6F5B8D21}.Release|Any CPU.ActiveCfg = Release|Any CPU
		{4BEC51BA-E9D9-4BB6-8521-560E6F5B8D21}.Release|Any CPU.Build.0 = Release|Any CPU
		{8DEA2EEF-DEF2-440F-A25E-2C3EF17B3AAE}.Debug|Any CPU.ActiveCfg = Debug|Any CPU
		{8DEA2EEF-DEF2-440F-A25E-2C3EF17B3AAE}.Debug|Any CPU.Build.0 = Debug|Any CPU
		{8DEA2EEF-DEF2-440F-A25E-2C3EF17B3AAE}.Release|Any CPU.ActiveCfg = Release|Any CPU
		{8DEA2EEF-DEF2-440F-A25E-2C3EF17B3AAE}.Release|Any CPU.Build.0 = Release|Any CPU
	EndGlobalSection
	GlobalSection(SolutionProperties) = preSolution
		HideSolutionNode = FALSE
	EndGlobalSection
	GlobalSection(ExtensibilityGlobals) = postSolution
		SolutionGuid = {1B95E403-CFDD-43D5-A38D-8CBAD7FBFC97}
	EndGlobalSection
EndGlobal
